PODS:
  - MGDeeplinkNavigator/DeeplinkNavigator (0.0.7)
  - MGDeeplinkNavigator/MGDeeplinkNavigator_Extension (0.0.7):
    - MGDeeplinkNavigator/DeeplinkNavigator
  - Nimble (8.0.2)
  - Quick (2.1.0)

DEPENDENCIES:
  - MGDeeplinkNavigator/MGDeeplinkNavigator_Extension (from `../`)
  - Nimble
  - Quick

SPEC REPOS:
  https://github.com/cocoapods/specs.git:
    - Nimble
    - Quick

EXTERNAL SOURCES:
  MGDeeplinkNavigator:
    :path: "../"

SPEC CHECKSUMS:
  MGDeeplinkNavigator: 86d9afbd59acb1449353df23fc791adcae02f4d6
  Nimble: 622629381bda1dd5678162f21f1368cec7cbba60
  Quick: 4be43f6634acfa727dd106bdf3929ce125ffa79d

PODFILE CHECKSUM: 9b65459d10b71743ada53bbfd2b9171c8dd07581

COCOAPODS: 1.5.3
